
Microsoft Visual Studio Solution File, Format Version 12.00
# Visual Studio Version 17
VisualStudioVersion = 17.9.34728.123
MinimumVisualStudioVersion = 10.0.40219.1
Project("{9A19103F-16F7-4668-BE54-9A1E7A4F7556}") = "Raylib-CSharp", "src\Raylib-CSharp\Raylib-CSharp.csproj", "{06C3AD87-19F1-4E57-909F-7DA12CB12C2E}"
EndProject
Project("{9A19103F-16F7-4668-BE54-9A1E7A4F7556}") = "Raylib-CSharp.Test", "src\Raylib-CSharp.Test\Raylib-CSharp.Test.csproj", "{FFB46B6C-6508-45E9-99EF-C7321EB8C2F4}"
EndProject
Project("{2150E333-8FDC-42A3-9474-1A3956D46DE8}") = "Solution Items", "Solution Items", "{6A01BA31-440F-4336-93B8-E50DB5E877A9}"
	ProjectSection(SolutionItems) = preProject
		.editorconfig = .editorconfig
	EndProjectSection
EndProject
Project("{FAE04EC0-301F-11D3-BF4B-00C04F79EFBC}") = "Raylib-CSharp.Samples", "src\Raylib-CSharp.Samples\Raylib-CSharp.Samples.csproj", "{3260131D-2B07-44D5-B829-F2BB5BC2058B}"
EndProject
Project("{FAE04EC0-301F-11D3-BF4B-00C04F79EFBC}") = "Raylib-CSharp.OpenGL", "src\Raylib-CSharp.OpenGL\Raylib-CSharp.OpenGL.csproj", "{338DEE5E-F7FA-46D7-A94F-F33DD1DFF53D}"
EndProject
Global
	GlobalSection(SolutionConfigurationPlatforms) = preSolution
		Debug|Any CPU = Debug|Any CPU
		Release|Any CPU = Release|Any CPU
	EndGlobalSection
	GlobalSection(ProjectConfigurationPlatforms) = postSolution
		{06C3AD87-19F1-4E57-909F-7DA12CB12C2E}.Debug|Any CPU.ActiveCfg = Debug|Any CPU
		{06C3AD87-19F1-4E57-909F-7DA12CB12C2E}.Debug|Any CPU.Build.0 = Debug|Any CPU
		{06C3AD87-19F1-4E57-909F-7DA12CB12C2E}.Release|Any CPU.ActiveCfg = Release|Any CPU
		{06C3AD87-19F1-4E57-909F-7DA12CB12C2E}.Release|Any CPU.Build.0 = Release|Any CPU
		{FFB46B6C-6508-45E9-99EF-C7321EB8C2F4}.Debug|Any CPU.ActiveCfg = Debug|Any CPU
		{FFB46B6C-6508-45E9-99EF-C7321EB8C2F4}.Debug|Any CPU.Build.0 = Debug|Any CPU
		{FFB46B6C-6508-45E9-99EF-C7321EB8C2F4}.Release|Any CPU.ActiveCfg = Release|Any CPU
		{FFB46B6C-6508-45E9-99EF-C7321EB8C2F4}.Release|Any CPU.Build.0 = Release|Any CPU
		{3260131D-2B07-44D5-B829-F2BB5BC2058B}.Debug|Any CPU.ActiveCfg = Debug|Any CPU
		{3260131D-2B07-44D5-B829-F2BB5BC2058B}.Debug|Any CPU.Build.0 = Debug|Any CPU
		{3260131D-2B07-44D5-B829-F2BB5BC2058B}.Release|Any CPU.ActiveCfg = Release|Any CPU
		{3260131D-2B07-44D5-B829-F2BB5BC2058B}.Release|Any CPU.Build.0 = Release|Any CPU
		{338DEE5E-F7FA-46D7-A94F-F33DD1DFF53D}.Debug|Any CPU.ActiveCfg = Debug|Any CPU
		{338DEE5E-F7FA-46D7-A94F-F33DD1DFF53D}.Debug|Any CPU.Build.0 = Debug|Any CPU
		{338DEE5E-F7FA-46D7-A94F-F33DD1DFF53D}.Release|Any CPU.ActiveCfg = Release|Any CPU
		{338DEE5E-F7FA-46D7-A94F-F33DD1DFF53D}.Release|Any CPU.Build.0 = Release|Any CPU
	EndGlobalSection
	GlobalSection(SolutionProperties) = preSolution
		HideSolutionNode = FALSE
	EndGlobalSection
EndGlobal
